// !$*UTF8*$!
{
	archiveVersion = 1;
	classes = {
	};
	objectVersion = 50;
	objects = {

/* Begin PBXBuildFile section */
		A53C3830261D356F00A3745D /* title.cpp in Sources */ = {isa = PBXBuildFile; fileRef = A53C382E261D356F00A3745D /* title.cpp */; };
		A560F6F625CB440D00108C9A /* Entity.cpp in Sources */ = {isa = PBXBuildFile; fileRef = A560F6F425CB440D00108C9A /* Entity.cpp */; };
		A5CE471C277E5E8100077242 /* font1.png in CopyFiles */ = {isa = PBXBuildFile; fileRef = A5CE471B277E5E7800077242 /* font1.png */; };
		A5EE51FB25FD33D0000E121D /* Map.cpp in Sources */ = {isa = PBXBuildFile; fileRef = A5EE51F925FD33D0000E121D /* Map.cpp */; };
		A5EE51FE25FD459A000E121D /* Util.cpp in Sources */ = {isa = PBXBuildFile; fileRef = A5EE51FC25FD459A000E121D /* Util.cpp */; };
		A5EE520125FD49A4000E121D /* Scene.cpp in Sources */ = {isa = PBXBuildFile; fileRef = A5EE51FF25FD49A4000E121D /* Scene.cpp */; };
		A5EE520425FD4A0A000E121D /* Level1.cpp in Sources */ = {isa = PBXBuildFile; fileRef = A5EE520225FD4A0A000E121D /* Level1.cpp */; };
		A5EE520A26029267000E121D /* Effects.cpp in Sources */ = {isa = PBXBuildFile; fileRef = A5EE520826029267000E121D /* Effects.cpp */; };
		A5FCBAF5264C61DB0059EE3D /* 24by24ModernRPGGuy.png in CopyFiles */ = {isa = PBXBuildFile; fileRef = A5FCBAF4264C61D30059EE3D /* 24by24ModernRPGGuy.png */; };
		A5FCBAF7264C65880059EE3D /* character_robot_sheet.png in CopyFiles */ = {isa = PBXBuildFile; fileRef = A5FCBAF6264C64C90059EE3D /* character_robot_sheet.png */; };
		A5FCBAF9264C80BA0059EE3D /* error_008.ogg in CopyFiles */ = {isa = PBXBuildFile; fileRef = A5FCBAF8264C80770059EE3D /* error_008.ogg */; };
		A5FCBAFB264C854A0059EE3D /* hull_et_belle.ogg in CopyFiles */ = {isa = PBXBuildFile; fileRef = A5FCBAFA264C83300059EE3D /* hull_et_belle.ogg */; };
		A5FCBB03264CA28F0059EE3D /* pixel_platformer_tile_set_2.png in CopyFiles */ = {isa = PBXBuildFile; fileRef = A5FCBB02264CA2860059EE3D /* pixel_platformer_tile_set_2.png */; };
		DBDF1B532323DE3F007CECB1 /* main.cpp in Sources */ = {isa = PBXBuildFile; fileRef = DBDF1B522323DE3F007CECB1 /* main.cpp */; };
		DBDF1B5E2323DE8D007CECB1 /* ShaderProgram.cpp in Sources */ = {isa = PBXBuildFile; fileRef = DBDF1B5D2323DE8D007CECB1 /* ShaderProgram.cpp */; };
		DBDF1B612323DE9E007CECB1 /* shaders in CopyFiles */ = {isa = PBXBuildFile; fileRef = DBDF1B5C2323DE8D007CECB1 /* shaders */; };
		DBDF1B632323DEDA007CECB1 /* OpenGL.framework in Frameworks */ = {isa = PBXBuildFile; fileRef = DBDF1B622323DEDA007CECB1 /* OpenGL.framework */; };
		DBDF1B652323DEDF007CECB1 /* Cocoa.framework in Frameworks */ = {isa = PBXBuildFile; fileRef = DBDF1B642323DEDF007CECB1 /* Cocoa.framework */; };
		DBDF1B692323DEEA007CECB1 /* SDL2.framework in Frameworks */ = {isa = PBXBuildFile; fileRef = DBDF1B662323DEEA007CECB1 /* SDL2.framework */; };
		DBDF1B6A2323DEEA007CECB1 /* SDL2_image.framework in Frameworks */ = {isa = PBXBuildFile; fileRef = DBDF1B672323DEEA007CECB1 /* SDL2_image.framework */; };
		DBDF1B6B2323DEEA007CECB1 /* SDL2_mixer.framework in Frameworks */ = {isa = PBXBuildFile; fileRef = DBDF1B682323DEEA007CECB1 /* SDL2_mixer.framework */; };
/* End PBXBuildFile section */

/* Begin PBXCopyFilesBuildPhase section */
		DBDF1B4D2323DE3F007CECB1 /* CopyFiles */ = {
			isa = PBXCopyFilesBuildPhase;
			buildActionMask = 12;
			dstPath = "";
			dstSubfolderSpec = 6;
			files = (
				DBDF1B612323DE9E007CECB1 /* shaders in CopyFiles */,
				A5FCBAF5264C61DB0059EE3D /* 24by24ModernRPGGuy.png in CopyFiles */,
				A5FCBAF7264C65880059EE3D /* character_robot_sheet.png in CopyFiles */,
				A5FCBAF9264C80BA0059EE3D /* error_008.ogg in CopyFiles */,
				A5CE471C277E5E8100077242 /* font1.png in CopyFiles */,
				A5FCBAFB264C854A0059EE3D /* hull_et_belle.ogg in CopyFiles */,
				A5FCBB03264CA28F0059EE3D /* pixel_platformer_tile_set_2.png in CopyFiles */,
			);
			runOnlyForDeploymentPostprocessing = 0;
		};
/* End PBXCopyFilesBuildPhase section */

/* Begin PBXFileReference section */
		A53C382E261D356F00A3745D /* title.cpp */ = {isa = PBXFileReference; lastKnownFileType = sourcecode.cpp.cpp; path = title.cpp; sourceTree = "<group>"; };
		A53C382F261D356F00A3745D /* title.h */ = {isa = PBXFileReference; lastKnownFileType = sourcecode.c.h; path = title.h; sourceTree = "<group>"; };
		A560F6F425CB440D00108C9A /* Entity.cpp */ = {isa = PBXFileReference; lastKnownFileType = sourcecode.cpp.cpp; path = Entity.cpp; sourceTree = "<group>"; };
		A560F6F525CB440D00108C9A /* Entity.h */ = {isa = PBXFileReference; lastKnownFileType = sourcecode.c.h; path = Entity.h; sourceTree = "<group>"; };
		A5CE471B277E5E7800077242 /* font1.png */ = {isa = PBXFileReference; lastKnownFileType = image.png; path = font1.png; sourceTree = "<group>"; };
		A5EE51F925FD33D0000E121D /* Map.cpp */ = {isa = PBXFileReference; lastKnownFileType = sourcecode.cpp.cpp; path = Map.cpp; sourceTree = "<group>"; };
		A5EE51FA25FD33D0000E121D /* Map.h */ = {isa = PBXFileReference; lastKnownFileType = sourcecode.c.h; path = Map.h; sourceTree = "<group>"; };
		A5EE51FC25FD459A000E121D /* Util.cpp */ = {isa = PBXFileReference; lastKnownFileType = sourcecode.cpp.cpp; path = Util.cpp; sourceTree = "<group>"; };
		A5EE51FD25FD459A000E121D /* Util.h */ = {isa = PBXFileReference; lastKnownFileType = sourcecode.c.h; path = Util.h; sourceTree = "<group>"; };
		A5EE51FF25FD49A4000E121D /* Scene.cpp */ = {isa = PBXFileReference; lastKnownFileType = sourcecode.cpp.cpp; path = Scene.cpp; sourceTree = "<group>"; };
		A5EE520025FD49A4000E121D /* Scene.h */ = {isa = PBXFileReference; lastKnownFileType = sourcecode.c.h; path = Scene.h; sourceTree = "<group>"; };
		A5EE520225FD4A0A000E121D /* Level1.cpp */ = {isa = PBXFileReference; lastKnownFileType = sourcecode.cpp.cpp; path = Level1.cpp; sourceTree = "<group>"; };
		A5EE520325FD4A0A000E121D /* Level1.h */ = {isa = PBXFileReference; lastKnownFileType = sourcecode.c.h; path = Level1.h; sourceTree = "<group>"; };
		A5EE520826029267000E121D /* Effects.cpp */ = {isa = PBXFileReference; lastKnownFileType = sourcecode.cpp.cpp; path = Effects.cpp; sourceTree = "<group>"; };
		A5EE520926029267000E121D /* Effects.h */ = {isa = PBXFileReference; lastKnownFileType = sourcecode.c.h; path = Effects.h; sourceTree = "<group>"; };
		A5FCBAF4264C61D30059EE3D /* 24by24ModernRPGGuy.png */ = {isa = PBXFileReference; lastKnownFileType = image.png; path = 24by24ModernRPGGuy.png; sourceTree = "<group>"; };
		A5FCBAF6264C64C90059EE3D /* character_robot_sheet.png */ = {isa = PBXFileReference; lastKnownFileType = image.png; path = character_robot_sheet.png; sourceTree = "<group>"; };
		A5FCBAF8264C80770059EE3D /* error_008.ogg */ = {isa = PBXFileReference; lastKnownFileType = file; path = error_008.ogg; sourceTree = "<group>"; };
		A5FCBAFA264C83300059EE3D /* hull_et_belle.ogg */ = {isa = PBXFileReference; lastKnownFileType = file; path = hull_et_belle.ogg; sourceTree = "<group>"; };
		A5FCBB02264CA2860059EE3D /* pixel_platformer_tile_set_2.png */ = {isa = PBXFileReference; lastKnownFileType = image.png; path = pixel_platformer_tile_set_2.png; sourceTree = "<group>"; };
		DBDF1B4F2323DE3F007CECB1 /* SDLProject */ = {isa = PBXFileReference; explicitFileType = "compiled.mach-o.executable"; includeInIndex = 0; path = SDLProject; sourceTree = BUILT_PRODUCTS_DIR; };
		DBDF1B522323DE3F007CECB1 /* main.cpp */ = {isa = PBXFileReference; lastKnownFileType = sourcecode.cpp.cpp; path = main.cpp; sourceTree = "<group>"; };
		DBDF1B592323DE8D007CECB1 /* ShaderProgram.h */ = {isa = PBXFileReference; fileEncoding = 4; lastKnownFileType = sourcecode.c.h; path = ShaderProgram.h; sourceTree = "<group>"; };
		DBDF1B5A2323DE8D007CECB1 /* stb_image.h */ = {isa = PBXFileReference; fileEncoding = 4; lastKnownFileType = sourcecode.c.h; path = stb_image.h; sourceTree = "<group>"; };
		DBDF1B5B2323DE8D007CECB1 /* glm */ = {isa = PBXFileReference; lastKnownFileType = folder; path = glm; sourceTree = "<group>"; };
		DBDF1B5C2323DE8D007CECB1 /* shaders */ = {isa = PBXFileReference; lastKnownFileType = folder; path = shaders; sourceTree = "<group>"; };
		DBDF1B5D2323DE8D007CECB1 /* ShaderProgram.cpp */ = {isa = PBXFileReference; fileEncoding = 4; lastKnownFileType = sourcecode.cpp.cpp; path = ShaderProgram.cpp; sourceTree = "<group>"; };
		DBDF1B622323DEDA007CECB1 /* OpenGL.framework */ = {isa = PBXFileReference; lastKnownFileType = wrapper.framework; name = OpenGL.framework; path = System/Library/Frameworks/OpenGL.framework; sourceTree = SDKROOT; };
		DBDF1B642323DEDF007CECB1 /* Cocoa.framework */ = {isa = PBXFileReference; lastKnownFileType = wrapper.framework; name = Cocoa.framework; path = System/Library/Frameworks/Cocoa.framework; sourceTree = SDKROOT; };
		DBDF1B662323DEEA007CECB1 /* SDL2.framework */ = {isa = PBXFileReference; lastKnownFileType = wrapper.framework; name = SDL2.framework; path = ../../../../../Library/Frameworks/SDL2.framework; sourceTree = "<group>"; };
		DBDF1B672323DEEA007CECB1 /* SDL2_image.framework */ = {isa = PBXFileReference; lastKnownFileType = wrapper.framework; name = SDL2_image.framework; path = ../../../../../Library/Frameworks/SDL2_image.framework; sourceTree = "<group>"; };
		DBDF1B682323DEEA007CECB1 /* SDL2_mixer.framework */ = {isa = PBXFileReference; lastKnownFileType = wrapper.framework; name = SDL2_mixer.framework; path = ../../../../../Library/Frameworks/SDL2_mixer.framework; sourceTree = "<group>"; };
/* End PBXFileReference section */

/* Begin PBXFrameworksBuildPhase section */
		DBDF1B4C2323DE3F007CECB1 /* Frameworks */ = {
			isa = PBXFrameworksBuildPhase;
			buildActionMask = 2147483647;
			files = (
				DBDF1B692323DEEA007CECB1 /* SDL2.framework in Frameworks */,
				DBDF1B6A2323DEEA007CECB1 /* SDL2_image.framework in Frameworks */,
				DBDF1B6B2323DEEA007CECB1 /* SDL2_mixer.framework in Frameworks */,
				DBDF1B652323DEDF007CECB1 /* Cocoa.framework in Frameworks */,
				DBDF1B632323DEDA007CECB1 /* OpenGL.framework in Frameworks */,
			);
			runOnlyForDeploymentPostprocessing = 0;
		};
/* End PBXFrameworksBuildPhase section */

/* Begin PBXGroup section */
		DBDF1B462323DE3F007CECB1 = {
			isa = PBXGroup;
			children = (
				DBDF1B512323DE3F007CECB1 /* SDLProject */,
				DBDF1B502323DE3F007CECB1 /* Products */,
				DBDF1B5F2323DE92007CECB1 /* Frameworks */,
			);
			sourceTree = "<group>";
		};
		DBDF1B502323DE3F007CECB1 /* Products */ = {
			isa = PBXGroup;
			children = (
				DBDF1B4F2323DE3F007CECB1 /* SDLProject */,
			);
			name = Products;
			sourceTree = "<group>";
		};
		DBDF1B512323DE3F007CECB1 /* SDLProject */ = {
			isa = PBXGroup;
			children = (
				A560F6F525CB440D00108C9A /* Entity.h */,
				A560F6F425CB440D00108C9A /* Entity.cpp */,
				DBDF1B522323DE3F007CECB1 /* main.cpp */,
				A5EE520225FD4A0A000E121D /* Level1.cpp */,
				A5CE471B277E5E7800077242 /* font1.png */,
				A5FCBAF4264C61D30059EE3D /* 24by24ModernRPGGuy.png */,
				A5FCBAF6264C64C90059EE3D /* character_robot_sheet.png */,
				A5FCBB02264CA2860059EE3D /* pixel_platformer_tile_set_2.png */,
				A5FCBAF8264C80770059EE3D /* error_008.ogg */,
				A5FCBAFA264C83300059EE3D /* hull_et_belle.ogg */,
				DBDF1B5B2323DE8D007CECB1 /* glm */,
				DBDF1B5D2323DE8D007CECB1 /* ShaderProgram.cpp */,
				DBDF1B592323DE8D007CECB1 /* ShaderProgram.h */,
				DBDF1B5C2323DE8D007CECB1 /* shaders */,
				DBDF1B5A2323DE8D007CECB1 /* stb_image.h */,
				A5EE51F925FD33D0000E121D /* Map.cpp */,
				A5EE51FA25FD33D0000E121D /* Map.h */,
				A5EE51FC25FD459A000E121D /* Util.cpp */,
				A5EE51FD25FD459A000E121D /* Util.h */,
				A5EE51FF25FD49A4000E121D /* Scene.cpp */,
				A5EE520025FD49A4000E121D /* Scene.h */,
				A5EE520325FD4A0A000E121D /* Level1.h */,
				A53C382E261D356F00A3745D /* title.cpp */,
				A53C382F261D356F00A3745D /* title.h */,
				A5EE520826029267000E121D /* Effects.cpp */,
				A5EE520926029267000E121D /* Effects.h */,
			);
			path = SDLProject;
			sourceTree = "<group>";
		};
		DBDF1B5F2323DE92007CECB1 /* Frameworks */ = {
			isa = PBXGroup;
			children = (
				DBDF1B672323DEEA007CECB1 /* SDL2_image.framework */,
				DBDF1B682323DEEA007CECB1 /* SDL2_mixer.framework */,
				DBDF1B662323DEEA007CECB1 /* SDL2.framework */,
				DBDF1B642323DEDF007CECB1 /* Cocoa.framework */,
				DBDF1B622323DEDA007CECB1 /* OpenGL.framework */,
			);
			name = Frameworks;
			sourceTree = "<group>";
		};
/* End PBXGroup section */

/* Begin PBXNativeTarget section */
		DBDF1B4E2323DE3F007CECB1 /* SDLProject */ = {
			isa = PBXNativeTarget;
			buildConfigurationList = DBDF1B562323DE3F007CECB1 /* Build configuration list for PBXNativeTarget "SDLProject" */;
			buildPhases = (
				DBDF1B4B2323DE3F007CECB1 /* Sources */,
				DBDF1B4C2323DE3F007CECB1 /* Frameworks */,
				DBDF1B4D2323DE3F007CECB1 /* CopyFiles */,
			);
			buildRules = (
			);
			dependencies = (
			);
			name = SDLProject;
			productName = SDLProject;
			productReference = DBDF1B4F2323DE3F007CECB1 /* SDLProject */;
			productType = "com.apple.product-type.tool";
		};
/* End PBXNativeTarget section */

/* Begin PBXProject section */
		DBDF1B472323DE3F007CECB1 /* Project object */ = {
			isa = PBXProject;
			attributes = {
				LastUpgradeCheck = 1030;
				ORGANIZATIONNAME = ctg;
				TargetAttributes = {
					DBDF1B4E2323DE3F007CECB1 = {
						CreatedOnToolsVersion = 10.3;
					};
				};
			};
			buildConfigurationList = DBDF1B4A2323DE3F007CECB1 /* Build configuration list for PBXProject "SDLProject" */;
			compatibilityVersion = "Xcode 9.3";
			developmentRegion = en;
			hasScannedForEncodings = 0;
			knownRegions = (
				en,
			);
			mainGroup = DBDF1B462323DE3F007CECB1;
			productRefGroup = DBDF1B502323DE3F007CECB1 /* Products */;
			projectDirPath = "";
			projectRoot = "";
			targets = (
				DBDF1B4E2323DE3F007CECB1 /* SDLProject */,
			);
		};
/* End PBXProject section */

/* Begin PBXSourcesBuildPhase section */
		DBDF1B4B2323DE3F007CECB1 /* Sources */ = {
			isa = PBXSourcesBuildPhase;
			buildActionMask = 2147483647;
			files = (
				A5EE520125FD49A4000E121D /* Scene.cpp in Sources */,
				DBDF1B532323DE3F007CECB1 /* main.cpp in Sources */,
				A560F6F625CB440D00108C9A /* Entity.cpp in Sources */,
				A5EE51FB25FD33D0000E121D /* Map.cpp in Sources */,
				A53C3830261D356F00A3745D /* title.cpp in Sources */,
				DBDF1B5E2323DE8D007CECB1 /* ShaderProgram.cpp in Sources */,
				A5EE51FE25FD459A000E121D /* Util.cpp in Sources */,
				A5EE520A26029267000E121D /* Effects.cpp in Sources */,
				A5EE520425FD4A0A000E121D /* Level1.cpp in Sources */,
			);
			runOnlyForDeploymentPostprocessing = 0;
		};
/* End PBXSourcesBuildPhase section */

/* Begin XCBuildConfiguration section */
		DBDF1B542323DE3F007CECB1 /* Debug */ = {
			isa = XCBuildConfiguration;
			buildSettings = {
				ALWAYS_SEARCH_USER_PATHS = NO;
				CLANG_ANALYZER_NONNULL = YES;
				CLANG_ANALYZER_NUMBER_OBJECT_CONVERSION = YES_AGGRESSIVE;
				CLANG_CXX_LANGUAGE_STANDARD = "gnu++14";
				CLANG_CXX_LIBRARY = "libc++";
				CLANG_ENABLE_MODULES = YES;
				CLANG_ENABLE_OBJC_ARC = YES;
				CLANG_ENABLE_OBJC_WEAK = YES;
				CLANG_WARN_BLOCK_CAPTURE_AUTORELEASING = YES;
				CLANG_WARN_BOOL_CONVERSION = YES;
				CLANG_WARN_COMMA = YES;
				CLANG_WARN_CONSTANT_CONVERSION = YES;
				CLANG_WARN_DEPRECATED_OBJC_IMPLEMENTATIONS = YES;
				CLANG_WARN_DIRECT_OBJC_ISA_USAGE = YES_ERROR;
				CLANG_WARN_DOCUMENTATION_COMMENTS = YES;
				CLANG_WARN_EMPTY_BODY = YES;
				CLANG_WARN_ENUM_CONVERSION = YES;
				CLANG_WARN_INFINITE_RECURSION = YES;
				CLANG_WARN_INT_CONVERSION = YES;
				CLANG_WARN_NON_LITERAL_NULL_CONVERSION = YES;
				CLANG_WARN_OBJC_IMPLICIT_RETAIN_SELF = YES;
				CLANG_WARN_OBJC_LITERAL_CONVERSION = YES;
				CLANG_WARN_OBJC_ROOT_CLASS = YES_ERROR;
				CLANG_WARN_RANGE_LOOP_ANALYSIS = YES;
				CLANG_WARN_STRICT_PROTOTYPES = YES;
				CLANG_WARN_SUSPICIOUS_MOVE = YES;
				CLANG_WARN_UNGUARDED_AVAILABILITY = YES_AGGRESSIVE;
				CLANG_WARN_UNREACHABLE_CODE = YES;
				CLANG_WARN__DUPLICATE_METHOD_MATCH = YES;
				CODE_SIGN_IDENTITY = "-";
				COPY_PHASE_STRIP = NO;
				DEBUG_INFORMATION_FORMAT = dwarf;
				ENABLE_STRICT_OBJC_MSGSEND = YES;
				ENABLE_TESTABILITY = YES;
				GCC_C_LANGUAGE_STANDARD = gnu11;
				GCC_DYNAMIC_NO_PIC = NO;
				GCC_NO_COMMON_BLOCKS = YES;
				GCC_OPTIMIZATION_LEVEL = 0;
				GCC_PREPROCESSOR_DEFINITIONS = (
					"DEBUG=1",
					"$(inherited)",
				);
				GCC_WARN_64_TO_32_BIT_CONVERSION = YES;
				GCC_WARN_ABOUT_RETURN_TYPE = YES_ERROR;
				GCC_WARN_UNDECLARED_SELECTOR = YES;
				GCC_WARN_UNINITIALIZED_AUTOS = YES_AGGRESSIVE;
				GCC_WARN_UNUSED_FUNCTION = YES;
				GCC_WARN_UNUSED_VARIABLE = YES;
				MACOSX_DEPLOYMENT_TARGET = 10.14;
				MTL_ENABLE_DEBUG_INFO = INCLUDE_SOURCE;
				MTL_FAST_MATH = YES;
				ONLY_ACTIVE_ARCH = YES;
				SDKROOT = macosx;
			};
			name = Debug;
		};
		DBDF1B552323DE3F007CECB1 /* Release */ = {
			isa = XCBuildConfiguration;
			buildSettings = {
				ALWAYS_SEARCH_USER_PATHS = NO;
				CLANG_ANALYZER_NONNULL = YES;
				CLANG_ANALYZER_NUMBER_OBJECT_CONVERSION = YES_AGGRESSIVE;
				CLANG_CXX_LANGUAGE_STANDARD = "gnu++14";
				CLANG_CXX_LIBRARY = "libc++";
				CLANG_ENABLE_MODULES = YES;
				CLANG_ENABLE_OBJC_ARC = YES;
				CLANG_ENABLE_OBJC_WEAK = YES;
				CLANG_WARN_BLOCK_CAPTURE_AUTORELEASING = YES;
				CLANG_WARN_BOOL_CONVERSION = YES;
				CLANG_WARN_COMMA = YES;
				CLANG_WARN_CONSTANT_CONVERSION = YES;
				CLANG_WARN_DEPRECATED_OBJC_IMPLEMENTATIONS = YES;
				CLANG_WARN_DIRECT_OBJC_ISA_USAGE = YES_ERROR;
				CLANG_WARN_DOCUMENTATION_COMMENTS = YES;
				CLANG_WARN_EMPTY_BODY = YES;
				CLANG_WARN_ENUM_CONVERSION = YES;
				CLANG_WARN_INFINITE_RECURSION = YES;
				CLANG_WARN_INT_CONVERSION = YES;
				CLANG_WARN_NON_LITERAL_NULL_CONVERSION = YES;
				CLANG_WARN_OBJC_IMPLICIT_RETAIN_SELF = YES;
				CLANG_WARN_OBJC_LITERAL_CONVERSION = YES;
				CLANG_WARN_OBJC_ROOT_CLASS = YES_ERROR;
				CLANG_WARN_RANGE_LOOP_ANALYSIS = YES;
				CLANG_WARN_STRICT_PROTOTYPES = YES;
				CLANG_WARN_SUSPICIOUS_MOVE = YES;
				CLANG_WARN_UNGUARDED_AVAILABILITY = YES_AGGRESSIVE;
				CLANG_WARN_UNREACHABLE_CODE = YES;
				CLANG_WARN__DUPLICATE_METHOD_MATCH = YES;
				CODE_SIGN_IDENTITY = "-";
				COPY_PHASE_STRIP = NO;
				DEBUG_INFORMATION_FORMAT = "dwarf-with-dsym";
				ENABLE_NS_ASSERTIONS = NO;
				ENABLE_STRICT_OBJC_MSGSEND = YES;
				GCC_C_LANGUAGE_STANDARD = gnu11;
				GCC_NO_COMMON_BLOCKS = YES;
				GCC_WARN_64_TO_32_BIT_CONVERSION = YES;
				GCC_WARN_ABOUT_RETURN_TYPE = YES_ERROR;
				GCC_WARN_UNDECLARED_SELECTOR = YES;
				GCC_WARN_UNINITIALIZED_AUTOS = YES_AGGRESSIVE;
				GCC_WARN_UNUSED_FUNCTION = YES;
				GCC_WARN_UNUSED_VARIABLE = YES;
				MACOSX_DEPLOYMENT_TARGET = 10.14;
				MTL_ENABLE_DEBUG_INFO = NO;
				MTL_FAST_MATH = YES;
				SDKROOT = macosx;
			};
			name = Release;
		};
		DBDF1B572323DE3F007CECB1 /* Debug */ = {
			isa = XCBuildConfiguration;
			buildSettings = {
				CODE_SIGN_STYLE = Automatic;
				FRAMEWORK_SEARCH_PATHS = (
					"$(inherited)",
					"$(LOCAL_LIBRARY_DIR)/Frameworks",
				);
				HEADER_SEARCH_PATHS = (
					/Library/Frameworks/SDL2_image.framework/Versions/A/Headers,
					/Library/Frameworks/SDL2.framework/Versions/A/Headers,
					/Library/Frameworks/SDL2_mixer.framework/Versions/A/Headers,
				);
				PRODUCT_NAME = "$(TARGET_NAME)";
			};
			name = Debug;
		};
		DBDF1B582323DE3F007CECB1 /* Release */ = {
			isa = XCBuildConfiguration;
			buildSettings = {
				CODE_SIGN_STYLE = Automatic;
				FRAMEWORK_SEARCH_PATHS = (
					"$(inherited)",
					"$(LOCAL_LIBRARY_DIR)/Frameworks",
				);
				HEADER_SEARCH_PATHS = (
					/Library/Frameworks/SDL2_image.framework/Versions/A/Headers,
					/Library/Frameworks/SDL2.framework/Versions/A/Headers,
					/Library/Frameworks/SDL2_mixer.framework/Versions/A/Headers,
				);
				PRODUCT_NAME = "$(TARGET_NAME)";
			};
			name = Release;
		};
/* End XCBuildConfiguration section */

/* Begin XCConfigurationList section */
		DBDF1B4A2323DE3F007CECB1 /* Build configuration list for PBXProject "SDLProject" */ = {
			isa = XCConfigurationList;
			buildConfigurations = (
				DBDF1B542323DE3F007CECB1 /* Debug */,
				DBDF1B552323DE3F007CECB1 /* Release */,
			);
			defaultConfigurationIsVisible = 0;
			defaultConfigurationName = Release;
		};
		DBDF1B562323DE3F007CECB1 /* Build configuration list for PBXNativeTarget "SDLProject" */ = {
			isa = XCConfigurationList;
			buildConfigurations = (
				DBDF1B572323DE3F007CECB1 /* Debug */,
				DBDF1B582323DE3F007CECB1 /* Release */,
			);
			defaultConfigurationIsVisible = 0;
			defaultConfigurationName = Release;
		};
/* End XCConfigurationList section */
	};
	rootObject = DBDF1B472323DE3F007CECB1 /* Project object */;
}
